PODS:
  - CRProtocolManager (0.0.2)
  - ZTOrderProtocol (0.0.6)

DEPENDENCIES:
  - CRProtocolManager
  - ZTOrderProtocol

SPEC CHECKSUMS:
  CRProtocolManager: e9097458cfaf71cbca1f7d15127c6319b14e29fa
  ZTOrderProtocol: 1c87f23017267e323a24e9d8854f857bf6ff2c55

PODFILE CHECKSUM: 64bf654b5ecf9718c12b50d33465a72f68679963

COCOAPODS: 1.1.1
